
Microsoft Visual Studio Solution File, Format Version 12.00
# Visual Studio Version 16
VisualStudioVersion = 16.0.30523.141
MinimumVisualStudioVersion = 10.0.40219.1
Project("{FAE04EC0-301F-11D3-BF4B-00C04F79EFBC}") = "ClothierProject", "ClothierProject\ClothierProject.csproj", "{E26A1D68-A9F5-485B-96DC-C1683178AC41}"
EndProject
Global
	GlobalSection(SolutionConfigurationPlatforms) = preSolution
		Debug|Any CPU = Debug|Any CPU
		Release|Any CPU = Release|Any CPU
	EndGlobalSection
	GlobalSection(ProjectConfigurationPlatforms) = postSolution
		{E26A1D68-A9F5-485B-96DC-C1683178AC41}.Debug|Any CPU.ActiveCfg = Debug|Any CPU
		{E26A1D68-A9F5-485B-96DC-C1683178AC41}.Debug|Any CPU.Build.0 = Debug|Any CPU
		{E26A1D68-A9F5-485B-96DC-C1683178AC41}.Release|Any CPU.ActiveCfg = Release|Any CPU
		{E26A1D68-A9F5-485B-96DC-C1683178AC41}.Release|Any CPU.Build.0 = Release|Any CPU
	EndGlobalSection
	GlobalSection(SolutionProperties) = preSolution
		HideSolutionNode = FALSE
	EndGlobalSection
	GlobalSection(ExtensibilityGlobals) = postSolution
		SolutionGuid = {24C86BD6-ACA9-4586-98BE-874C8484ED92}
	EndGlobalSection
EndGlobal
